PODS:
  - STMTestFramework (1.2.0):
    - STMTestFramework/iphoneos (= 1.2.0)
  - STMTestFramework/iphoneos (1.2.0)

DEPENDENCIES:
  - STMTestFramework (= 1.2.0)

SPEC REPOS:
  https://github.com/cocoapods/specs.git:
    - STMTestFramework

SPEC CHECKSUMS:
  STMTestFramework: a5d046166c27ff7f74c69181f73a82741a952e28

PODFILE CHECKSUM: c5385d3d470dcd63116aceccc19325dfcbb702fd

COCOAPODS: 1.5.3
