PODS:
  - STMTestFramework (1.1.2):
    - STMTestFramework/universal (= 1.1.2)
  - STMTestFramework/universal (1.1.2)

DEPENDENCIES:
  - STMTestFramework (from `https://raw.githubusercontent.com/depthlove/STMTestFramework/master/STMTestFramework-Universal.podspec`)

EXTERNAL SOURCES:
  STMTestFramework:
    :podspec: https://raw.githubusercontent.com/depthlove/STMTestFramework/master/STMTestFramework-Universal.podspec

CHECKOUT OPTIONS:
  STMTestFramework:
    :commit: 16857fdb85d9c128f7540e63c1f45e6c63c1eef2
    :git: https://github.com/depthlove/STMTestFramework.git

SPEC CHECKSUMS:
  STMTestFramework: 4ba1762bd99062b9be69a12ef37b2665226fe99e

PODFILE CHECKSUM: 521179252d955e5e1619df0d327d394d2545954c

COCOAPODS: 1.4.0
